
Microsoft Visual Studio Solution File, Format Version 12.00
# Visual Studio Version 17
VisualStudioVersion = 17.6.33829.357
MinimumVisualStudioVersion = 10.0.40219.1
Project("{FAE04EC0-301F-11D3-BF4B-00C04F79EFBC}") = "Ejercicio_Parcial", "Ejercicio_Parcial.csproj", "{9401B3BE-BA6C-43AD-BA57-512B4C3E99C6}"
EndProject
Project("{FAE04EC0-301F-11D3-BF4B-00C04F79EFBC}") = "Prueba", "..\Prueba\Prueba.csproj", "{C614EBBB-5059-4965-B832-6405B868F6B9}"
EndProject
Global
	GlobalSection(SolutionConfigurationPlatforms) = preSolution
		Debug|Any CPU = Debug|Any CPU
		Release|Any CPU = Release|Any CPU
	EndGlobalSection
	GlobalSection(ProjectConfigurationPlatforms) = postSolution
		{9401B3BE-BA6C-43AD-BA57-512B4C3E99C6}.Debug|Any CPU.ActiveCfg = Debug|Any CPU
		{9401B3BE-BA6C-43AD-BA57-512B4C3E99C6}.Debug|Any CPU.Build.0 = Debug|Any CPU
		{9401B3BE-BA6C-43AD-BA57-512B4C3E99C6}.Release|Any CPU.ActiveCfg = Release|Any CPU
		{9401B3BE-BA6C-43AD-BA57-512B4C3E99C6}.Release|Any CPU.Build.0 = Release|Any CPU
		{C614EBBB-5059-4965-B832-6405B868F6B9}.Debug|Any CPU.ActiveCfg = Debug|Any CPU
		{C614EBBB-5059-4965-B832-6405B868F6B9}.Debug|Any CPU.Build.0 = Debug|Any CPU
		{C614EBBB-5059-4965-B832-6405B868F6B9}.Release|Any CPU.ActiveCfg = Release|Any CPU
		{C614EBBB-5059-4965-B832-6405B868F6B9}.Release|Any CPU.Build.0 = Release|Any CPU
	EndGlobalSection
	GlobalSection(SolutionProperties) = preSolution
		HideSolutionNode = FALSE
	EndGlobalSection
	GlobalSection(ExtensibilityGlobals) = postSolution
		SolutionGuid = {CADA8AFA-2CC2-45C6-9E39-270234B879D9}
	EndGlobalSection
EndGlobal
